
Microsoft Visual Studio Solution File, Format Version 12.00
# Visual Studio Version 17
VisualStudioVersion = 17.2.32516.85
MinimumVisualStudioVersion = 10.0.40219.1
Project("{9A19103F-16F7-4668-BE54-9A1E7A4F7556}") = "AVS.CoreLib.PowerConsole", "Console\AVS.CoreLib.PowerConsole\AVS.CoreLib.PowerConsole.csproj", "{433672CA-EEC5-44CB-85A0-7790B8A18856}"
EndProject
Project("{9A19103F-16F7-4668-BE54-9A1E7A4F7556}") = "AVS.CoreLib.PowerConsole.DemoApp", "Console\AVS.CoreLib.PowerConsole.DemoApp\AVS.CoreLib.PowerConsole.DemoApp.csproj", "{C05D7881-BC01-47C3-8114-510999D8CFF6}"
EndProject
Project("{9A19103F-16F7-4668-BE54-9A1E7A4F7556}") = "AVS.CoreLib.Text", "AVS.CoreLib.Text\AVS.CoreLib.Text.csproj", "{258C979B-5389-49BB-8776-3FD5D57BD257}"
EndProject
Project("{9A19103F-16F7-4668-BE54-9A1E7A4F7556}") = "AVS.CoreLib", "AVS.CoreLib\AVS.CoreLib.csproj", "{20C015B5-6950-4456-87B4-62D82EC6491F}"
EndProject
Project("{9A19103F-16F7-4668-BE54-9A1E7A4F7556}") = "AVS.CoreLib.Abstractions", "AVS.CoreLib.Abstractions\AVS.CoreLib.Abstractions.csproj", "{B55962B7-72BA-4441-A5F0-8EA337E0D964}"
EndProject
Project("{9A19103F-16F7-4668-BE54-9A1E7A4F7556}") = "AVS.CoreLib.REST", "AVS.CoreLib.REST\AVS.CoreLib.REST.csproj", "{FDCCC39D-1E43-4225-A4E5-F47997CBBE58}"
EndProject
Project("{9A19103F-16F7-4668-BE54-9A1E7A4F7556}") = "AVS.CoreLib.WebSockets", "AVS.CoreLib.WebSockets\AVS.CoreLib.WebSockets.csproj", "{EE7E9691-2C7A-4BBF-88EE-1B726569FD98}"
EndProject
Project("{9A19103F-16F7-4668-BE54-9A1E7A4F7556}") = "AVS.CoreLib.UnitTesting", "AVS.CoreLib.UnitTesting\AVS.CoreLib.UnitTesting.csproj", "{519BFCCB-9868-4EBC-BEA6-EAEC8505BBDD}"
EndProject
Project("{2150E333-8FDC-42A3-9474-1A3956D46DE8}") = "tests", "tests", "{4A9D3A9E-083A-4C07-8789-FFC257D4A3DF}"
EndProject
Project("{9A19103F-16F7-4668-BE54-9A1E7A4F7556}") = "AVS.CoreLib.Tests", "tests\AVS.CoreLib.Tests\AVS.CoreLib.Tests.csproj", "{68DFA0B4-3C39-4BB0-AE01-9CEB064DE29A}"
EndProject
Project("{9A19103F-16F7-4668-BE54-9A1E7A4F7556}") = "AVS.CoreLib.Caching", "AVS.CoreLib.Caching\AVS.CoreLib.Caching.csproj", "{5081BB5D-0A59-4860-8A0D-C41B6501414F}"
EndProject
Project("{2150E333-8FDC-42A3-9474-1A3956D46DE8}") = "loggers", "loggers", "{F58648D7-219E-4D6D-AA3B-D11DDD534A73}"
EndProject
Project("{9A19103F-16F7-4668-BE54-9A1E7A4F7556}") = "AVS.CoreLib.FileLogger", "Loggers\AVS.CoreLib.FileLogger\AVS.CoreLib.FileLogger.csproj", "{6F40DB1B-3258-43BA-813D-2A9B4692298E}"
EndProject
Project("{9A19103F-16F7-4668-BE54-9A1E7A4F7556}") = "AVS.CoreLib.AbstractLogger", "Loggers\AVS.CoreLib.AbstractLogger\AVS.CoreLib.AbstractLogger.csproj", "{059B25AB-3410-4E60-B024-F27B43B6943B}"
EndProject
Project("{9A19103F-16F7-4668-BE54-9A1E7A4F7556}") = "AVS.CoreLib.ConsoleLogger", "Loggers\AVS.CoreLib.ConsoleLogger\AVS.CoreLib.ConsoleLogger.csproj", "{BC9259B6-D032-45D5-9D1C-CB8F74001106}"
EndProject
Project("{9A19103F-16F7-4668-BE54-9A1E7A4F7556}") = "AVS.CoreLib.Loggers.TestApp", "Loggers\AVS.CoreLib.Loggers.TestApp\AVS.CoreLib.Loggers.TestApp.csproj", "{C1847F96-5FFE-4247-A670-28746348E5BF}"
EndProject
Project("{9A19103F-16F7-4668-BE54-9A1E7A4F7556}") = "AVS.CoreLib.Math", "AVS.CoreLib.Math\AVS.CoreLib.Math.csproj", "{71EC56DA-7845-43F8-9BFB-FB0B6E8A002E}"
EndProject
Project("{9A19103F-16F7-4668-BE54-9A1E7A4F7556}") = "AVS.CoreLib.Logging.ColorFormatter", "Loggers\AVS.CoreLib.Logging.ColorFormatter\AVS.CoreLib.Logging.ColorFormatter.csproj", "{CFB721A8-CFD9-4155-9C61-E4C619BC3458}"
EndProject
Project("{2150E333-8FDC-42A3-9474-1A3956D46DE8}") = "console", "console", "{A87588EE-15B1-4B26-A25B-039EA5995F84}"
EndProject
Project("{9A19103F-16F7-4668-BE54-9A1E7A4F7556}") = "AVS.CoreLib.Console.ColorFormatting", "Console\AVS.CoreLib.Console.ColorFormatting\AVS.CoreLib.Console.ColorFormatting.csproj", "{EC472345-FEA0-46D1-B853-D3A12BAE7F68}"
EndProject
Project("{9A19103F-16F7-4668-BE54-9A1E7A4F7556}") = "AVS.CoreLib.Extensions", "AVS.CoreLib.Extensions\AVS.CoreLib.Extensions.csproj", "{FA2440A2-3B6D-4578-8531-0ACE2DA10723}"
EndProject
Project("{9A19103F-16F7-4668-BE54-9A1E7A4F7556}") = "AVS.CoreLib.Mapper", "AVS.CoreLib.Mapper\AVS.CoreLib.Mapper.csproj", "{0D7B2159-2FB2-4541-B798-7DDB09DF181B}"
EndProject
Project("{9A19103F-16F7-4668-BE54-9A1E7A4F7556}") = "AVS.CoreLib.Bootstrap", "Console\AVS.CoreLib.Bootstrap\AVS.CoreLib.Bootstrap.csproj", "{D8F771A8-6D65-4435-AF49-AA9114294FB2}"
EndProject
Global
	GlobalSection(SolutionConfigurationPlatforms) = preSolution
		Debug|Any CPU = Debug|Any CPU
		Release|Any CPU = Release|Any CPU
	EndGlobalSection
	GlobalSection(ProjectConfigurationPlatforms) = postSolution
		{433672CA-EEC5-44CB-85A0-7790B8A18856}.Debug|Any CPU.ActiveCfg = Debug|Any CPU
		{433672CA-EEC5-44CB-85A0-7790B8A18856}.Debug|Any CPU.Build.0 = Debug|Any CPU
		{433672CA-EEC5-44CB-85A0-7790B8A18856}.Release|Any CPU.ActiveCfg = Release|Any CPU
		{433672CA-EEC5-44CB-85A0-7790B8A18856}.Release|Any CPU.Build.0 = Release|Any CPU
		{C05D7881-BC01-47C3-8114-510999D8CFF6}.Debug|Any CPU.ActiveCfg = Debug|Any CPU
		{C05D7881-BC01-47C3-8114-510999D8CFF6}.Debug|Any CPU.Build.0 = Debug|Any CPU
		{C05D7881-BC01-47C3-8114-510999D8CFF6}.Release|Any CPU.ActiveCfg = Release|Any CPU
		{C05D7881-BC01-47C3-8114-510999D8CFF6}.Release|Any CPU.Build.0 = Release|Any CPU
		{258C979B-5389-49BB-8776-3FD5D57BD257}.Debug|Any CPU.ActiveCfg = Debug|Any CPU
		{258C979B-5389-49BB-8776-3FD5D57BD257}.Debug|Any CPU.Build.0 = Debug|Any CPU
		{258C979B-5389-49BB-8776-3FD5D57BD257}.Release|Any CPU.ActiveCfg = Release|Any CPU
		{258C979B-5389-49BB-8776-3FD5D57BD257}.Release|Any CPU.Build.0 = Release|Any CPU
		{20C015B5-6950-4456-87B4-62D82EC6491F}.Debug|Any CPU.ActiveCfg = Debug|Any CPU
		{20C015B5-6950-4456-87B4-62D82EC6491F}.Debug|Any CPU.Build.0 = Debug|Any CPU
		{20C015B5-6950-4456-87B4-62D82EC6491F}.Release|Any CPU.ActiveCfg = Release|Any CPU
		{20C015B5-6950-4456-87B4-62D82EC6491F}.Release|Any CPU.Build.0 = Release|Any CPU
		{B55962B7-72BA-4441-A5F0-8EA337E0D964}.Debug|Any CPU.ActiveCfg = Debug|Any CPU
		{B55962B7-72BA-4441-A5F0-8EA337E0D964}.Debug|Any CPU.Build.0 = Debug|Any CPU
		{B55962B7-72BA-4441-A5F0-8EA337E0D964}.Release|Any CPU.ActiveCfg = Release|Any CPU
		{B55962B7-72BA-4441-A5F0-8EA337E0D964}.Release|Any CPU.Build.0 = Release|Any CPU
		{FDCCC39D-1E43-4225-A4E5-F47997CBBE58}.Debug|Any CPU.ActiveCfg = Debug|Any CPU
		{FDCCC39D-1E43-4225-A4E5-F47997CBBE58}.Debug|Any CPU.Build.0 = Debug|Any CPU
		{FDCCC39D-1E43-4225-A4E5-F47997CBBE58}.Release|Any CPU.ActiveCfg = Release|Any CPU
		{FDCCC39D-1E43-4225-A4E5-F47997CBBE58}.Release|Any CPU.Build.0 = Release|Any CPU
		{EE7E9691-2C7A-4BBF-88EE-1B726569FD98}.Debug|Any CPU.ActiveCfg = Debug|Any CPU
		{EE7E9691-2C7A-4BBF-88EE-1B726569FD98}.Debug|Any CPU.Build.0 = Debug|Any CPU
		{EE7E9691-2C7A-4BBF-88EE-1B726569FD98}.Release|Any CPU.ActiveCfg = Release|Any CPU
		{EE7E9691-2C7A-4BBF-88EE-1B726569FD98}.Release|Any CPU.Build.0 = Release|Any CPU
		{519BFCCB-9868-4EBC-BEA6-EAEC8505BBDD}.Debug|Any CPU.ActiveCfg = Debug|Any CPU
		{519BFCCB-9868-4EBC-BEA6-EAEC8505BBDD}.Debug|Any CPU.Build.0 = Debug|Any CPU
		{519BFCCB-9868-4EBC-BEA6-EAEC8505BBDD}.Release|Any CPU.ActiveCfg = Release|Any CPU
		{519BFCCB-9868-4EBC-BEA6-EAEC8505BBDD}.Release|Any CPU.Build.0 = Release|Any CPU
		{68DFA0B4-3C39-4BB0-AE01-9CEB064DE29A}.Debug|Any CPU.ActiveCfg = Debug|Any CPU
		{68DFA0B4-3C39-4BB0-AE01-9CEB064DE29A}.Debug|Any CPU.Build.0 = Debug|Any CPU
		{68DFA0B4-3C39-4BB0-AE01-9CEB064DE29A}.Release|Any CPU.ActiveCfg = Release|Any CPU
		{68DFA0B4-3C39-4BB0-AE01-9CEB064DE29A}.Release|Any CPU.Build.0 = Release|Any CPU
		{5081BB5D-0A59-4860-8A0D-C41B6501414F}.Debug|Any CPU.ActiveCfg = Debug|Any CPU
		{5081BB5D-0A59-4860-8A0D-C41B6501414F}.Debug|Any CPU.Build.0 = Debug|Any CPU
		{5081BB5D-0A59-4860-8A0D-C41B6501414F}.Release|Any CPU.ActiveCfg = Release|Any CPU
		{5081BB5D-0A59-4860-8A0D-C41B6501414F}.Release|Any CPU.Build.0 = Release|Any CPU
		{6F40DB1B-3258-43BA-813D-2A9B4692298E}.Debug|Any CPU.ActiveCfg = Debug|Any CPU
		{6F40DB1B-3258-43BA-813D-2A9B4692298E}.Debug|Any CPU.Build.0 = Debug|Any CPU
		{6F40DB1B-3258-43BA-813D-2A9B4692298E}.Release|Any CPU.ActiveCfg = Release|Any CPU
		{6F40DB1B-3258-43BA-813D-2A9B4692298E}.Release|Any CPU.Build.0 = Release|Any CPU
		{059B25AB-3410-4E60-B024-F27B43B6943B}.Debug|Any CPU.ActiveCfg = Debug|Any CPU
		{059B25AB-3410-4E60-B024-F27B43B6943B}.Debug|Any CPU.Build.0 = Debug|Any CPU
		{059B25AB-3410-4E60-B024-F27B43B6943B}.Release|Any CPU.ActiveCfg = Release|Any CPU
		{059B25AB-3410-4E60-B024-F27B43B6943B}.Release|Any CPU.Build.0 = Release|Any CPU
		{BC9259B6-D032-45D5-9D1C-CB8F74001106}.Debug|Any CPU.ActiveCfg = Debug|Any CPU
		{BC9259B6-D032-45D5-9D1C-CB8F74001106}.Debug|Any CPU.Build.0 = Debug|Any CPU
		{BC9259B6-D032-45D5-9D1C-CB8F74001106}.Release|Any CPU.ActiveCfg = Release|Any CPU
		{BC9259B6-D032-45D5-9D1C-CB8F74001106}.Release|Any CPU.Build.0 = Release|Any CPU
		{C1847F96-5FFE-4247-A670-28746348E5BF}.Debug|Any CPU.ActiveCfg = Debug|Any CPU
		{C1847F96-5FFE-4247-A670-28746348E5BF}.Debug|Any CPU.Build.0 = Debug|Any CPU
		{C1847F96-5FFE-4247-A670-28746348E5BF}.Release|Any CPU.ActiveCfg = Release|Any CPU
		{C1847F96-5FFE-4247-A670-28746348E5BF}.Release|Any CPU.Build.0 = Release|Any CPU
		{71EC56DA-7845-43F8-9BFB-FB0B6E8A002E}.Debug|Any CPU.ActiveCfg = Debug|Any CPU
		{71EC56DA-7845-43F8-9BFB-FB0B6E8A002E}.Debug|Any CPU.Build.0 = Debug|Any CPU
		{71EC56DA-7845-43F8-9BFB-FB0B6E8A002E}.Release|Any CPU.ActiveCfg = Release|Any CPU
		{71EC56DA-7845-43F8-9BFB-FB0B6E8A002E}.Release|Any CPU.Build.0 = Release|Any CPU
		{CFB721A8-CFD9-4155-9C61-E4C619BC3458}.Debug|Any CPU.ActiveCfg = Debug|Any CPU
		{CFB721A8-CFD9-4155-9C61-E4C619BC3458}.Debug|Any CPU.Build.0 = Debug|Any CPU
		{CFB721A8-CFD9-4155-9C61-E4C619BC3458}.Release|Any CPU.ActiveCfg = Release|Any CPU
		{CFB721A8-CFD9-4155-9C61-E4C619BC3458}.Release|Any CPU.Build.0 = Release|Any CPU
		{EC472345-FEA0-46D1-B853-D3A12BAE7F68}.Debug|Any CPU.ActiveCfg = Debug|Any CPU
		{EC472345-FEA0-46D1-B853-D3A12BAE7F68}.Debug|Any CPU.Build.0 = Debug|Any CPU
		{EC472345-FEA0-46D1-B853-D3A12BAE7F68}.Release|Any CPU.ActiveCfg = Release|Any CPU
		{EC472345-FEA0-46D1-B853-D3A12BAE7F68}.Release|Any CPU.Build.0 = Release|Any CPU
		{FA2440A2-3B6D-4578-8531-0ACE2DA10723}.Debug|Any CPU.ActiveCfg = Debug|Any CPU
		{FA2440A2-3B6D-4578-8531-0ACE2DA10723}.Debug|Any CPU.Build.0 = Debug|Any CPU
		{FA2440A2-3B6D-4578-8531-0ACE2DA10723}.Release|Any CPU.ActiveCfg = Release|Any CPU
		{FA2440A2-3B6D-4578-8531-0ACE2DA10723}.Release|Any CPU.Build.0 = Release|Any CPU
		{0D7B2159-2FB2-4541-B798-7DDB09DF181B}.Debug|Any CPU.ActiveCfg = Debug|Any CPU
		{0D7B2159-2FB2-4541-B798-7DDB09DF181B}.Debug|Any CPU.Build.0 = Debug|Any CPU
		{0D7B2159-2FB2-4541-B798-7DDB09DF181B}.Release|Any CPU.ActiveCfg = Release|Any CPU
		{0D7B2159-2FB2-4541-B798-7DDB09DF181B}.Release|Any CPU.Build.0 = Release|Any CPU
		{D8F771A8-6D65-4435-AF49-AA9114294FB2}.Debug|Any CPU.ActiveCfg = Debug|Any CPU
		{D8F771A8-6D65-4435-AF49-AA9114294FB2}.Debug|Any CPU.Build.0 = Debug|Any CPU
		{D8F771A8-6D65-4435-AF49-AA9114294FB2}.Release|Any CPU.ActiveCfg = Release|Any CPU
		{D8F771A8-6D65-4435-AF49-AA9114294FB2}.Release|Any CPU.Build.0 = Release|Any CPU
	EndGlobalSection
	GlobalSection(SolutionProperties) = preSolution
		HideSolutionNode = FALSE
	EndGlobalSection
	GlobalSection(NestedProjects) = preSolution
		{433672CA-EEC5-44CB-85A0-7790B8A18856} = {A87588EE-15B1-4B26-A25B-039EA5995F84}
		{C05D7881-BC01-47C3-8114-510999D8CFF6} = {A87588EE-15B1-4B26-A25B-039EA5995F84}
		{68DFA0B4-3C39-4BB0-AE01-9CEB064DE29A} = {4A9D3A9E-083A-4C07-8789-FFC257D4A3DF}
		{6F40DB1B-3258-43BA-813D-2A9B4692298E} = {F58648D7-219E-4D6D-AA3B-D11DDD534A73}
		{059B25AB-3410-4E60-B024-F27B43B6943B} = {F58648D7-219E-4D6D-AA3B-D11DDD534A73}
		{BC9259B6-D032-45D5-9D1C-CB8F74001106} = {F58648D7-219E-4D6D-AA3B-D11DDD534A73}
		{C1847F96-5FFE-4247-A670-28746348E5BF} = {F58648D7-219E-4D6D-AA3B-D11DDD534A73}
		{CFB721A8-CFD9-4155-9C61-E4C619BC3458} = {F58648D7-219E-4D6D-AA3B-D11DDD534A73}
		{EC472345-FEA0-46D1-B853-D3A12BAE7F68} = {A87588EE-15B1-4B26-A25B-039EA5995F84}
		{D8F771A8-6D65-4435-AF49-AA9114294FB2} = {A87588EE-15B1-4B26-A25B-039EA5995F84}
	EndGlobalSection
	GlobalSection(ExtensibilityGlobals) = postSolution
		SolutionGuid = {F0BC5348-2A0B-4051-BFD7-86F74D429B5D}
	EndGlobalSection
EndGlobal
